
Microsoft Visual Studio Solution File, Format Version 12.00
# Visual Studio Version 17
VisualStudioVersion = 17.3.32811.315
MinimumVisualStudioVersion = 10.0.40219.1
Project("{FAE04EC0-301F-11D3-BF4B-00C04F79EFBC}") = "Kali Tools for Windows", "Kali Tools for Windows.csproj", "{B5737484-B7D8-4C4A-B548-EC575A088F20}"
EndProject
Global
	GlobalSection(SolutionConfigurationPlatforms) = preSolution
		Debug|Any CPU = Debug|Any CPU
		Release|Any CPU = Release|Any CPU
	EndGlobalSection
	GlobalSection(ProjectConfigurationPlatforms) = postSolution
		{B5737484-B7D8-4C4A-B548-EC575A088F20}.Debug|Any CPU.ActiveCfg = Debug|Any CPU
		{B5737484-B7D8-4C4A-B548-EC575A088F20}.Debug|Any CPU.Build.0 = Debug|Any CPU
		{B5737484-B7D8-4C4A-B548-EC575A088F20}.Release|Any CPU.ActiveCfg = Release|Any CPU
		{B5737484-B7D8-4C4A-B548-EC575A088F20}.Release|Any CPU.Build.0 = Release|Any CPU
	EndGlobalSection
	GlobalSection(SolutionProperties) = preSolution
		HideSolutionNode = FALSE
	EndGlobalSection
	GlobalSection(ExtensibilityGlobals) = postSolution
		SolutionGuid = {502D9314-9DCF-4FBA-8FDD-1E459A3882EF}
	EndGlobalSection
EndGlobal
